Microsoft Visual Studio Solution File, Format Version 12.00
# Visual Studio Version 17
VisualStudioVersion = 17.5.2.0
MinimumVisualStudioVersion = 10.0.40219.1
Project("{FAE04EC0-301F-11D3-BF4B-00C04F79EFBC}") = "One", "One\One.csproj", "{ADA5A605-624C-E684-E67E-545F33DE5F2D}"
EndProject
Global
	GlobalSection(SolutionConfigurationPlatforms) = preSolution
		Debug|Any CPU = Debug|Any CPU
		Release|Any CPU = Release|Any CPU
	EndGlobalSection
	GlobalSection(ProjectConfigurationPlatforms) = postSolution
		{ADA5A605-624C-E684-E67E-545F33DE5F2D}.Debug|Any CPU.ActiveCfg = Debug|Any CPU
		{ADA5A605-624C-E684-E67E-545F33DE5F2D}.Debug|Any CPU.Build.0 = Debug|Any CPU
		{ADA5A605-624C-E684-E67E-545F33DE5F2D}.Release|Any CPU.ActiveCfg = Release|Any CPU
		{ADA5A605-624C-E684-E67E-545F33DE5F2D}.Release|Any CPU.Build.0 = Release|Any CPU
	EndGlobalSection
	GlobalSection(SolutionProperties) = preSolution
		HideSolutionNode = FALSE
	EndGlobalSection
	GlobalSection(ExtensibilityGlobals) = postSolution
		SolutionGuid = {92BBCF13-834B-4C3B-9FF9-6206F313662D}
	EndGlobalSection
EndGlobal
