Microsoft Visual Studio Solution File, Format Version 12.00
# Visual Studio Version 17
VisualStudioVersion = 17.5.2.0
MinimumVisualStudioVersion = 10.0.40219.1
Project("{FAE04EC0-301F-11D3-BF4B-00C04F79EFBC}") = "Many", "Many\Many.csproj", "{2204D221-F14C-CF6B-FD4B-E4B638F1D7F6}"
EndProject
Global
	GlobalSection(SolutionConfigurationPlatforms) = preSolution
		Debug|Any CPU = Debug|Any CPU
		Release|Any CPU = Release|Any CPU
	EndGlobalSection
	GlobalSection(ProjectConfigurationPlatforms) = postSolution
		{2204D221-F14C-CF6B-FD4B-E4B638F1D7F6}.Debug|Any CPU.ActiveCfg = Debug|Any CPU
		{2204D221-F14C-CF6B-FD4B-E4B638F1D7F6}.Debug|Any CPU.Build.0 = Debug|Any CPU
		{2204D221-F14C-CF6B-FD4B-E4B638F1D7F6}.Release|Any CPU.ActiveCfg = Release|Any CPU
		{2204D221-F14C-CF6B-FD4B-E4B638F1D7F6}.Release|Any CPU.Build.0 = Release|Any CPU
	EndGlobalSection
	GlobalSection(SolutionProperties) = preSolution
		HideSolutionNode = FALSE
	EndGlobalSection
	GlobalSection(ExtensibilityGlobals) = postSolution
		SolutionGuid = {9B9FE5BB-5492-42CC-B7FE-5C11C9565073}
	EndGlobalSection
EndGlobal
